
Microsoft Visual Studio Solution File, Format Version 12.00
# Visual Studio 15
VisualStudioVersion = 15.0.28307.1000
MinimumVisualStudioVersion = 10.0.40219.1
Project("{FAE04EC0-301F-11D3-BF4B-00C04F79EFBC}") = "TableGenerator", "TableGenerator\TableGenerator.csproj", "{10447899-B59C-44DE-8B4E-30B3E98753C7}"
EndProject
Global
	GlobalSection(SolutionConfigurationPlatforms) = preSolution
		Debug|Any CPU = Debug|Any CPU
		Release|Any CPU = Release|Any CPU
	EndGlobalSection
	GlobalSection(ProjectConfigurationPlatforms) = postSolution
		{10447899-B59C-44DE-8B4E-30B3E98753C7}.Debug|Any CPU.ActiveCfg = Debug|Any CPU
		{10447899-B59C-44DE-8B4E-30B3E98753C7}.Debug|Any CPU.Build.0 = Debug|Any CPU
		{10447899-B59C-44DE-8B4E-30B3E98753C7}.Release|Any CPU.ActiveCfg = Release|Any CPU
		{10447899-B59C-44DE-8B4E-30B3E98753C7}.Release|Any CPU.Build.0 = Release|Any CPU
	EndGlobalSection
	GlobalSection(SolutionProperties) = preSolution
		HideSolutionNode = FALSE
	EndGlobalSection
	GlobalSection(ExtensibilityGlobals) = postSolution
		SolutionGuid = {01DB97B6-03FD-43DE-A369-699E649A2D13}
	EndGlobalSection
EndGlobal
